{
  "name": "go-pploy",
  "version": "1.0.0",
  "lockfileVersion": 1,
  "requires": true,
  "dependencies": {
    "bootstrap": {
      "version": "3.4.1",
      "resolved": "https://registry.npmjs.org/bootstrap/-/bootstrap-3.4.1.tgz",
      "integrity": "sha512-yN5oZVmRCwe5aKwzRj6736nSmKDX7pLYwsXiCj/EYmo16hODaBiT4En5btW/jhBF/seV+XMx3aYwukYC3A49DA=="
    },
    "izitoast": {
      "version": "1.2.0",
      "resolved": "https://registry.npmjs.org/izitoast/-/izitoast-1.2.0.tgz",
      "integrity": "sha512-uL/2jx4wd5jpghw4ddu9kPipdlJWASXflb76Q9ZdnxjWnttc48VPenBy4Pi9sXd5nkUXcRUQ0LViNfAS9xolTg=="
    },
    "svelte-cli": {
      "version": "3.0.0",
      "resolved": "https://registry.npmjs.org/svelte-cli/-/svelte-cli-3.0.0.tgz",
      "integrity": "sha512-gVoro8uGfE2G3kigs8fQt6XyFRMxYRiKlMs6wgHqhNMkE0MQu47SxQmSc1lTzPq9XY/TJHLV3dbTkyZ9PLXy1A==",
      "dev": true,
      "requires": {
        "svelte": "2.7.0"
      },
      "dependencies": {
        "svelte": {
          "version": "2.7.0",
          "resolved": "https://registry.npmjs.org/svelte/-/svelte-2.7.0.tgz",
          "integrity": "sha512-cfti+wWQyF4hgZth4CpdL583YGHcj5B1D4WobRvsrtmAPEIj/v202NHUmdaEuxJz0RpHovoR+S7xdsmn9AM9PA==",
          "dev": true
        }
      }
    }
  }
}
